// !$*UTF8*$!
{
	archiveVersion = 1;
	classes = {
	};
	objectVersion = 46;
	objects = {

/* Begin PBXBuildFile section */
		16A58D341E448A3100069869 /* AccountViewController.swift in Sources */ = {isa = PBXBuildFile; fileRef = 16A58D331E448A3100069869 /* AccountViewController.swift */; };
		16A58D361E448A4800069869 /* ProjectsViewController.swift in Sources */ = {isa = PBXBuildFile; fileRef = 16A58D351E448A4800069869 /* ProjectsViewController.swift */; };
		16A58D381E448A6500069869 /* OperatorsViewController.swift in Sources */ = {isa = PBXBuildFile; fileRef = 16A58D371E448A6500069869 /* OperatorsViewController.swift */; };
		16A58D3A1E448A7800069869 /* MonitoringViewController.swift in Sources */ = {isa = PBXBuildFile; fileRef = 16A58D391E448A7800069869 /* MonitoringViewController.swift */; };
		16BB5EE11DD0ED4C00664639 /* AppDelegate.swift in Sources */ = {isa = PBXBuildFile; fileRef = 16BB5EE01DD0ED4C00664639 /* AppDelegate.swift */; };
		16BB5EE31DD0ED4C00664639 /* ViewController.swift in Sources */ = {isa = PBXBuildFile; fileRef = 16BB5EE21DD0ED4C00664639 /* ViewController.swift */; };
		16BB5EE61DD0ED4C00664639 /* Main.storyboard in Resources */ = {isa = PBXBuildFile; fileRef = 16BB5EE41DD0ED4C00664639 /* Main.storyboard */; };
		16BB5EE81DD0ED4C00664639 /* Assets.xcassets in Resources */ = {isa = PBXBuildFile; fileRef = 16BB5EE71DD0ED4C00664639 /* Assets.xcassets */; };
		16BB5EEB1DD0ED4C00664639 /* LaunchScreen.storyboard in Resources */ = {isa = PBXBuildFile; fileRef = 16BB5EE91DD0ED4C00664639 /* LaunchScreen.storyboard */; };
		16C895021E44A1AF00C2B406 /* AccountMainDataSource.swift in Sources */ = {isa = PBXBuildFile; fileRef = 16C895011E44A1AF00C2B406 /* AccountMainDataSource.swift */; };
		16C895041E44AD5700C2B406 /* ProjectsDataSource.swift in Sources */ = {isa = PBXBuildFile; fileRef = 16C895031E44AD5700C2B406 /* ProjectsDataSource.swift */; };
		16C895071E44AF0100C2B406 /* Project.swift in Sources */ = {isa = PBXBuildFile; fileRef = 16C895061E44AF0100C2B406 /* Project.swift */; };
		16EA12F11DDC3C4800198743 /* WebViewController.swift in Sources */ = {isa = PBXBuildFile; fileRef = 16EA12F01DDC3C4800198743 /* WebViewController.swift */; };
/* End PBXBuildFile section */

/* Begin PBXFileReference section */
		16A58D331E448A3100069869 /* AccountViewController.swift */ = {isa = PBXFileReference; fileEncoding = 4; lastKnownFileType = sourcecode.swift; path = AccountViewController.swift; sourceTree = "<group>"; };
		16A58D351E448A4800069869 /* ProjectsViewController.swift */ = {isa = PBXFileReference; fileEncoding = 4; lastKnownFileType = sourcecode.swift; path = ProjectsViewController.swift; sourceTree = "<group>"; };
		16A58D371E448A6500069869 /* OperatorsViewController.swift */ = {isa = PBXFileReference; fileEncoding = 4; lastKnownFileType = sourcecode.swift; path = OperatorsViewController.swift; sourceTree = "<group>"; };
		16A58D391E448A7800069869 /* MonitoringViewController.swift */ = {isa = PBXFileReference; fileEncoding = 4; lastKnownFileType = sourcecode.swift; path = MonitoringViewController.swift; sourceTree = "<group>"; };
		16BB5EDD1DD0ED4C00664639 /* 2T Client.app */ = {isa = PBXFileReference; explicitFileType = wrapper.application; includeInIndex = 0; path = "2T Client.app"; sourceTree = BUILT_PRODUCTS_DIR; };
		16BB5EE01DD0ED4C00664639 /* AppDelegate.swift */ = {isa = PBXFileReference; lastKnownFileType = sourcecode.swift; path = AppDelegate.swift; sourceTree = "<group>"; };
		16BB5EE21DD0ED4C00664639 /* ViewController.swift */ = {isa = PBXFileReference; lastKnownFileType = sourcecode.swift; path = ViewController.swift; sourceTree = "<group>"; };
		16BB5EE51DD0ED4C00664639 /* Base */ = {isa = PBXFileReference; lastKnownFileType = file.storyboard; name = Base; path = Base.lproj/Main.storyboard; sourceTree = "<group>"; };
		16BB5EE71DD0ED4C00664639 /* Assets.xcassets */ = {isa = PBXFileReference; lastKnownFileType = folder.assetcatalog; path = Assets.xcassets; sourceTree = "<group>"; };
		16BB5EEA1DD0ED4C00664639 /* Base */ = {isa = PBXFileReference; lastKnownFileType = file.storyboard; name = Base; path = Base.lproj/LaunchScreen.storyboard; sourceTree = "<group>"; };
		16BB5EEC1DD0ED4C00664639 /* Info.plist */ = {isa = PBXFileReference; lastKnownFileType = text.plist.xml; path = Info.plist; sourceTree = "<group>"; };
		16C895011E44A1AF00C2B406 /* AccountMainDataSource.swift */ = {isa = PBXFileReference; fileEncoding = 4; lastKnownFileType = sourcecode.swift; path = AccountMainDataSource.swift; sourceTree = "<group>"; };
		16C895031E44AD5700C2B406 /* ProjectsDataSource.swift */ = {isa = PBXFileReference; fileEncoding = 4; lastKnownFileType = sourcecode.swift; path = ProjectsDataSource.swift; sourceTree = "<group>"; };
		16C895061E44AF0100C2B406 /* Project.swift */ = {isa = PBXFileReference; fileEncoding = 4; lastKnownFileType = sourcecode.swift; path = Project.swift; sourceTree = "<group>"; };
		16EA12F01DDC3C4800198743 /* WebViewController.swift */ = {isa = PBXFileReference; fileEncoding = 4; lastKnownFileType = sourcecode.swift; path = WebViewController.swift; sourceTree = "<group>"; };
/* End PBXFileReference section */

/* Begin PBXFrameworksBuildPhase section */
		16BB5EDA1DD0ED4C00664639 /* Frameworks */ = {
			isa = PBXFrameworksBuildPhase;
			buildActionMask = 2147483647;
			files = (
			);
			runOnlyForDeploymentPostprocessing = 0;
		};
/* End PBXFrameworksBuildPhase section */

/* Begin PBXGroup section */
		16BB5ED41DD0ED4C00664639 = {
			isa = PBXGroup;
			children = (
				16BB5EDF1DD0ED4C00664639 /* cclogin */,
				16BB5EDE1DD0ED4C00664639 /* Products */,
			);
			sourceTree = "<group>";
		};
		16BB5EDE1DD0ED4C00664639 /* Products */ = {
			isa = PBXGroup;
			children = (
				16BB5EDD1DD0ED4C00664639 /* 2T Client.app */,
			);
			name = Products;
			sourceTree = "<group>";
		};
		16BB5EDF1DD0ED4C00664639 /* cclogin */ = {
			isa = PBXGroup;
			children = (
				16C895091E44BD4700C2B406 /* monitoring */,
				16C895081E44BD2C00C2B406 /* operators */,
				16C895051E44AEEA00C2B406 /* projects */,
				16BB5EE01DD0ED4C00664639 /* AppDelegate.swift */,
				16BB5EE21DD0ED4C00664639 /* ViewController.swift */,
				16BB5EE41DD0ED4C00664639 /* Main.storyboard */,
				16BB5EE71DD0ED4C00664639 /* Assets.xcassets */,
				16BB5EE91DD0ED4C00664639 /* LaunchScreen.storyboard */,
				16BB5EEC1DD0ED4C00664639 /* Info.plist */,
				16EA12F01DDC3C4800198743 /* WebViewController.swift */,
				16A58D331E448A3100069869 /* AccountViewController.swift */,
				16C895011E44A1AF00C2B406 /* AccountMainDataSource.swift */,
			);
			path = cclogin;
			sourceTree = "<group>";
		};
		16C895051E44AEEA00C2B406 /* projects */ = {
			isa = PBXGroup;
			children = (
				16C895031E44AD5700C2B406 /* ProjectsDataSource.swift */,
				16A58D351E448A4800069869 /* ProjectsViewController.swift */,
				16C895061E44AF0100C2B406 /* Project.swift */,
			);
			name = projects;
			sourceTree = "<group>";
		};
		16C895081E44BD2C00C2B406 /* operators */ = {
			isa = PBXGroup;
			children = (
				16A58D371E448A6500069869 /* OperatorsViewController.swift */,
			);
			name = operators;
			sourceTree = "<group>";
		};
		16C895091E44BD4700C2B406 /* monitoring */ = {
			isa = PBXGroup;
			children = (
				16A58D391E448A7800069869 /* MonitoringViewController.swift */,
			);
			name = monitoring;
			sourceTree = "<group>";
		};
/* End PBXGroup section */

/* Begin PBXNativeTarget section */
		16BB5EDC1DD0ED4C00664639 /* 2T Client */ = {
			isa = PBXNativeTarget;
			buildConfigurationList = 16BB5EEF1DD0ED4C00664639 /* Build configuration list for PBXNativeTarget "2T Client" */;
			buildPhases = (
				16BB5ED91DD0ED4C00664639 /* Sources */,
				16BB5EDA1DD0ED4C00664639 /* Frameworks */,
				16BB5EDB1DD0ED4C00664639 /* Resources */,
			);
			buildRules = (
			);
			dependencies = (
			);
			name = "2T Client";
			productName = cclogin;
			productReference = 16BB5EDD1DD0ED4C00664639 /* 2T Client.app */;
			productType = "com.apple.product-type.application";
		};
/* End PBXNativeTarget section */

/* Begin PBXProject section */
		16BB5ED51DD0ED4C00664639 /* Project object */ = {
			isa = PBXProject;
			attributes = {
				LastSwiftUpdateCheck = 0810;
				LastUpgradeCheck = 0820;
				ORGANIZATIONNAME = tangotel;
				TargetAttributes = {
					16BB5EDC1DD0ED4C00664639 = {
						CreatedOnToolsVersion = 8.1;
						DevelopmentTeam = 8J73XFB5ZF;
						ProvisioningStyle = Automatic;
					};
				};
			};
			buildConfigurationList = 16BB5ED81DD0ED4C00664639 /* Build configuration list for PBXProject "2T Client" */;
			compatibilityVersion = "Xcode 3.2";
			developmentRegion = English;
			hasScannedForEncodings = 0;
			knownRegions = (
				en,
				Base,
			);
			mainGroup = 16BB5ED41DD0ED4C00664639;
			productRefGroup = 16BB5EDE1DD0ED4C00664639 /* Products */;
			projectDirPath = "";
			projectRoot = "";
			targets = (
				16BB5EDC1DD0ED4C00664639 /* 2T Client */,
			);
		};
/* End PBXProject section */

/* Begin PBXResourcesBuildPhase section */
		16BB5EDB1DD0ED4C00664639 /* Resources */ = {
			isa = PBXResourcesBuildPhase;
			buildActionMask = 2147483647;
			files = (
				16BB5EEB1DD0ED4C00664639 /* LaunchScreen.storyboard in Resources */,
				16BB5EE81DD0ED4C00664639 /* Assets.xcassets in Resources */,
				16BB5EE61DD0ED4C00664639 /* Main.storyboard in Resources */,
			);
			runOnlyForDeploymentPostprocessing = 0;
		};
/* End PBXResourcesBuildPhase section */

/* Begin PBXSourcesBuildPhase section */
		16BB5ED91DD0ED4C00664639 /* Sources */ = {
			isa = PBXSourcesBuildPhase;
			buildActionMask = 2147483647;
			files = (
				16BB5EE31DD0ED4C00664639 /* ViewController.swift in Sources */,
				16A58D361E448A4800069869 /* ProjectsViewController.swift in Sources */,
				16EA12F11DDC3C4800198743 /* WebViewController.swift in Sources */,
				16C895071E44AF0100C2B406 /* Project.swift in Sources */,
				16A58D341E448A3100069869 /* AccountViewController.swift in Sources */,
				16A58D3A1E448A7800069869 /* MonitoringViewController.swift in Sources */,
				16A58D381E448A6500069869 /* OperatorsViewController.swift in Sources */,
				16BB5EE11DD0ED4C00664639 /* AppDelegate.swift in Sources */,
				16C895021E44A1AF00C2B406 /* AccountMainDataSource.swift in Sources */,
				16C895041E44AD5700C2B406 /* ProjectsDataSource.swift in Sources */,
			);
			runOnlyForDeploymentPostprocessing = 0;
		};
/* End PBXSourcesBuildPhase section */

/* Begin PBXVariantGroup section */
		16BB5EE41DD0ED4C00664639 /* Main.storyboard */ = {
			isa = PBXVariantGroup;
			children = (
				16BB5EE51DD0ED4C00664639 /* Base */,
			);
			name = Main.storyboard;
			sourceTree = "<group>";
		};
		16BB5EE91DD0ED4C00664639 /* LaunchScreen.storyboard */ = {
			isa = PBXVariantGroup;
			children = (
				16BB5EEA1DD0ED4C00664639 /* Base */,
			);
			name = LaunchScreen.storyboard;
			sourceTree = "<group>";
		};
/* End PBXVariantGroup section */

/* Begin XCBuildConfiguration section */
		16BB5EED1DD0ED4C00664639 /* Debug */ = {
			isa = XCBuildConfiguration;
			buildSettings = {
				ALWAYS_SEARCH_USER_PATHS = NO;
				CLANG_ANALYZER_NONNULL = YES;
				CLANG_CXX_LANGUAGE_STANDARD = "gnu++0x";
				CLANG_CXX_LIBRARY = "libc++";
				CLANG_ENABLE_MODULES = YES;
				CLANG_ENABLE_OBJC_ARC = YES;
				CLANG_WARN_BOOL_CONVERSION = YES;
				CLANG_WARN_CONSTANT_CONVERSION = YES;
				CLANG_WARN_DIRECT_OBJC_ISA_USAGE = YES_ERROR;
				CLANG_WARN_DOCUMENTATION_COMMENTS = YES;
				CLANG_WARN_EMPTY_BODY = YES;
				CLANG_WARN_ENUM_CONVERSION = YES;
				CLANG_WARN_INFINITE_RECURSION = YES;
				CLANG_WARN_INT_CONVERSION = YES;
				CLANG_WARN_OBJC_ROOT_CLASS = YES_ERROR;
				CLANG_WARN_SUSPICIOUS_MOVE = YES;
				CLANG_WARN_SUSPICIOUS_MOVES = YES;
				CLANG_WARN_UNREACHABLE_CODE = YES;
				CLANG_WARN__DUPLICATE_METHOD_MATCH = YES;
				CODE_SIGN_IDENTITY = "iPhone Developer";
				"CODE_SIGN_IDENTITY[sdk=iphoneos*]" = "iPhone Developer";
				COPY_PHASE_STRIP = NO;
				DEBUG_INFORMATION_FORMAT = dwarf;
				ENABLE_STRICT_OBJC_MSGSEND = YES;
				ENABLE_TESTABILITY = YES;
				GCC_C_LANGUAGE_STANDARD = gnu99;
				GCC_DYNAMIC_NO_PIC = NO;
				GCC_NO_COMMON_BLOCKS = YES;
				GCC_OPTIMIZATION_LEVEL = 0;
				GCC_PREPROCESSOR_DEFINITIONS = (
					"DEBUG=1",
					"$(inherited)",
				);
				GCC_WARN_64_TO_32_BIT_CONVERSION = YES;
				GCC_WARN_ABOUT_RETURN_TYPE = YES_ERROR;
				GCC_WARN_UNDECLARED_SELECTOR = YES;
				GCC_WARN_UNINITIALIZED_AUTOS = YES_AGGRESSIVE;
				GCC_WARN_UNUSED_FUNCTION = YES;
				GCC_WARN_UNUSED_VARIABLE = YES;
				IPHONEOS_DEPLOYMENT_TARGET = 10.1;
				MTL_ENABLE_DEBUG_INFO = YES;
				ONLY_ACTIVE_ARCH = YES;
				SDKROOT = iphoneos;
				SWIFT_ACTIVE_COMPILATION_CONDITIONS = DEBUG;
				SWIFT_OPTIMIZATION_LEVEL = "-Onone";
				TARGETED_DEVICE_FAMILY = "1,2";
			};
			name = Debug;
		};
		16BB5EEE1DD0ED4C00664639 /* Release */ = {
			isa = XCBuildConfiguration;
			buildSettings = {
				ALWAYS_SEARCH_USER_PATHS = NO;
				CLANG_ANALYZER_NONNULL = YES;
				CLANG_CXX_LANGUAGE_STANDARD = "gnu++0x";
				CLANG_CXX_LIBRARY = "libc++";
				CLANG_ENABLE_MODULES = YES;
				CLANG_ENABLE_OBJC_ARC = YES;
				CLANG_WARN_BOOL_CONVERSION = YES;
				CLANG_WARN_CONSTANT_CONVERSION = YES;
				CLANG_WARN_DIRECT_OBJC_ISA_USAGE = YES_ERROR;
				CLANG_WARN_DOCUMENTATION_COMMENTS = YES;
				CLANG_WARN_EMPTY_BODY = YES;
				CLANG_WARN_ENUM_CONVERSION = YES;
				CLANG_WARN_INFINITE_RECURSION = YES;
				CLANG_WARN_INT_CONVERSION = YES;
				CLANG_WARN_OBJC_ROOT_CLASS = YES_ERROR;
				CLANG_WARN_SUSPICIOUS_MOVE = YES;
				CLANG_WARN_SUSPICIOUS_MOVES = YES;
				CLANG_WARN_UNREACHABLE_CODE = YES;
				CLANG_WARN__DUPLICATE_METHOD_MATCH = YES;
				CODE_SIGN_IDENTITY = "iPhone Developer";
				"CODE_SIGN_IDENTITY[sdk=iphoneos*]" = "iPhone Developer";
				COPY_PHASE_STRIP = NO;
				DEBUG_INFORMATION_FORMAT = "dwarf-with-dsym";
				ENABLE_NS_ASSERTIONS = NO;
				ENABLE_STRICT_OBJC_MSGSEND = YES;
				GCC_C_LANGUAGE_STANDARD = gnu99;
				GCC_NO_COMMON_BLOCKS = YES;
				GCC_WARN_64_TO_32_BIT_CONVERSION = YES;
				GCC_WARN_ABOUT_RETURN_TYPE = YES_ERROR;
				GCC_WARN_UNDECLARED_SELECTOR = YES;
				GCC_WARN_UNINITIALIZED_AUTOS = YES_AGGRESSIVE;
				GCC_WARN_UNUSED_FUNCTION = YES;
				GCC_WARN_UNUSED_VARIABLE = YES;
				IPHONEOS_DEPLOYMENT_TARGET = 10.1;
				MTL_ENABLE_DEBUG_INFO = NO;
				SDKROOT = iphoneos;
				SWIFT_OPTIMIZATION_LEVEL = "-Owholemodule";
				TARGETED_DEVICE_FAMILY = "1,2";
				VALIDATE_PRODUCT = YES;
			};
			name = Release;
		};
		16BB5EF01DD0ED4C00664639 /* Debug */ = {
			isa = XCBuildConfiguration;
			buildSettings = {
				ASSETCATALOG_COMPILER_APPICON_NAME = AppIcon;
				DEVELOPMENT_TEAM = 8J73XFB5ZF;
				INFOPLIST_FILE = cclogin/Info.plist;
				LD_RUNPATH_SEARCH_PATHS = "$(inherited) @executable_path/Frameworks";
				PRODUCT_BUNDLE_IDENTIFIER = ru.tangotel.cclogin;
				PRODUCT_NAME = "$(TARGET_NAME)";
				SWIFT_VERSION = 3.0;
				TARGETED_DEVICE_FAMILY = 1;
			};
			name = Debug;
		};
		16BB5EF11DD0ED4C00664639 /* Release */ = {
			isa = XCBuildConfiguration;
			buildSettings = {
				ASSETCATALOG_COMPILER_APPICON_NAME = AppIcon;
				DEVELOPMENT_TEAM = 8J73XFB5ZF;
				"DEVELOPMENT_TEAM[sdk=*]" = 8J73XFB5ZF;
				INFOPLIST_FILE = cclogin/Info.plist;
				LD_RUNPATH_SEARCH_PATHS = "$(inherited) @executable_path/Frameworks";
				PRODUCT_BUNDLE_IDENTIFIER = ru.tangotel.cclogin;
				PRODUCT_NAME = "$(TARGET_NAME)";
				SWIFT_VERSION = 3.0;
				TARGETED_DEVICE_FAMILY = 1;
			};
			name = Release;
		};
/* End XCBuildConfiguration section */

/* Begin XCConfigurationList section */
		16BB5ED81DD0ED4C00664639 /* Build configuration list for PBXProject "2T Client" */ = {
			isa = XCConfigurationList;
			buildConfigurations = (
				16BB5EED1DD0ED4C00664639 /* Debug */,
				16BB5EEE1DD0ED4C00664639 /* Release */,
			);
			defaultConfigurationIsVisible = 0;
			defaultConfigurationName = Release;
		};
		16BB5EEF1DD0ED4C00664639 /* Build configuration list for PBXNativeTarget "2T Client" */ = {
			isa = XCConfigurationList;
			buildConfigurations = (
				16BB5EF01DD0ED4C00664639 /* Debug */,
				16BB5EF11DD0ED4C00664639 /* Release */,
			);
			defaultConfigurationIsVisible = 0;
			defaultConfigurationName = Release;
		};
/* End XCConfigurationList section */
	};
	rootObject = 16BB5ED51DD0ED4C00664639 /* Project object */;
}
